// !$*UTF8*$!
{
	archiveVersion = 1;
	classes = {
	};
	objectVersion = 56;
	objects = {

/* Begin PBXBuildFile section */
		ACB580FB2A68FEBD00C04E9C /* main.swift in Sources */ = {isa = PBXBuildFile; fileRef = ACB580FA2A68FEBD00C04E9C /* main.swift */; };
		ACB581022A68FEDD00C04E9C /* Calculator.swift in Sources */ = {isa = PBXBuildFile; fileRef = ACB581012A68FEDC00C04E9C /* Calculator.swift */; };
		ACB581042A68FEE800C04E9C /* AbstractOperation.swift in Sources */ = {isa = PBXBuildFile; fileRef = ACB581032A68FEE800C04E9C /* AbstractOperation.swift */; };
		ACB581062A68FEF200C04E9C /* AddOperation.swift in Sources */ = {isa = PBXBuildFile; fileRef = ACB581052A68FEF200C04E9C /* AddOperation.swift */; };
		ACB581082A68FEFE00C04E9C /* SubtractOperation.swift in Sources */ = {isa = PBXBuildFile; fileRef = ACB581072A68FEFE00C04E9C /* SubtractOperation.swift */; };
		ACB5810A2A68FF0900C04E9C /* MultiplyOperation.swift in Sources */ = {isa = PBXBuildFile; fileRef = ACB581092A68FF0900C04E9C /* MultiplyOperation.swift */; };
		ACB5810C2A68FF1100C04E9C /* DivideOperation.swift in Sources */ = {isa = PBXBuildFile; fileRef = ACB5810B2A68FF1100C04E9C /* DivideOperation.swift */; };
/* End PBXBuildFile section */

/* Begin PBXCopyFilesBuildPhase section */
		ACB580F52A68FEBD00C04E9C /* CopyFiles */ = {
			isa = PBXCopyFilesBuildPhase;
			buildActionMask = 2147483647;
			dstPath = /usr/share/man/man1/;
			dstSubfolderSpec = 0;
			files = (
			);
			runOnlyForDeploymentPostprocessing = 1;
		};
/* End PBXCopyFilesBuildPhase section */

/* Begin PBXFileReference section */
		ACB580F72A68FEBD00C04E9C /* LV4 */ = {isa = PBXFileReference; explicitFileType = "compiled.mach-o.executable"; includeInIndex = 0; path = LV4; sourceTree = BUILT_PRODUCTS_DIR; };
		ACB580FA2A68FEBD00C04E9C /* main.swift */ = {isa = PBXFileReference; lastKnownFileType = sourcecode.swift; path = main.swift; sourceTree = "<group>"; };
		ACB581012A68FEDC00C04E9C /* Calculator.swift */ = {isa = PBXFileReference; lastKnownFileType = sourcecode.swift; path = Calculator.swift; sourceTree = "<group>"; };
		ACB581032A68FEE800C04E9C /* AbstractOperation.swift */ = {isa = PBXFileReference; lastKnownFileType = sourcecode.swift; path = AbstractOperation.swift; sourceTree = "<group>"; };
		ACB581052A68FEF200C04E9C /* AddOperation.swift */ = {isa = PBXFileReference; lastKnownFileType = sourcecode.swift; path = AddOperation.swift; sourceTree = "<group>"; };
		ACB581072A68FEFE00C04E9C /* SubtractOperation.swift */ = {isa = PBXFileReference; lastKnownFileType = sourcecode.swift; path = SubtractOperation.swift; sourceTree = "<group>"; };
		ACB581092A68FF0900C04E9C /* MultiplyOperation.swift */ = {isa = PBXFileReference; lastKnownFileType = sourcecode.swift; path = MultiplyOperation.swift; sourceTree = "<group>"; };
		ACB5810B2A68FF1100C04E9C /* DivideOperation.swift */ = {isa = PBXFileReference; lastKnownFileType = sourcecode.swift; path = DivideOperation.swift; sourceTree = "<group>"; };
/* End PBXFileReference section */

/* Begin PBXFrameworksBuildPhase section */
		ACB580F42A68FEBD00C04E9C /* Frameworks */ = {
			isa = PBXFrameworksBuildPhase;
			buildActionMask = 2147483647;
			files = (
			);
			runOnlyForDeploymentPostprocessing = 0;
		};
/* End PBXFrameworksBuildPhase section */

/* Begin PBXGroup section */
		ACB580EE2A68FEBD00C04E9C = {
			isa = PBXGroup;
			children = (
				ACB580F92A68FEBD00C04E9C /* LV4 */,
				ACB580F82A68FEBD00C04E9C /* Products */,
			);
			sourceTree = "<group>";
		};
		ACB580F82A68FEBD00C04E9C /* Products */ = {
			isa = PBXGroup;
			children = (
				ACB580F72A68FEBD00C04E9C /* LV4 */,
			);
			name = Products;
			sourceTree = "<group>";
		};
		ACB580F92A68FEBD00C04E9C /* LV4 */ = {
			isa = PBXGroup;
			children = (
				ACB580FA2A68FEBD00C04E9C /* main.swift */,
				ACB581012A68FEDC00C04E9C /* Calculator.swift */,
				ACB581032A68FEE800C04E9C /* AbstractOperation.swift */,
				ACB581052A68FEF200C04E9C /* AddOperation.swift */,
				ACB581072A68FEFE00C04E9C /* SubtractOperation.swift */,
				ACB581092A68FF0900C04E9C /* MultiplyOperation.swift */,
				ACB5810B2A68FF1100C04E9C /* DivideOperation.swift */,
			);
			path = LV4;
			sourceTree = "<group>";
		};
/* End PBXGroup section */

/* Begin PBXNativeTarget section */
		ACB580F62A68FEBD00C04E9C /* LV4 */ = {
			isa = PBXNativeTarget;
			buildConfigurationList = ACB580FE2A68FEBD00C04E9C /* Build configuration list for PBXNativeTarget "LV4" */;
			buildPhases = (
				ACB580F32A68FEBD00C04E9C /* Sources */,
				ACB580F42A68FEBD00C04E9C /* Frameworks */,
				ACB580F52A68FEBD00C04E9C /* CopyFiles */,
			);
			buildRules = (
			);
			dependencies = (
			);
			name = LV4;
			productName = LV4;
			productReference = ACB580F72A68FEBD00C04E9C /* LV4 */;
			productType = "com.apple.product-type.tool";
		};
/* End PBXNativeTarget section */

/* Begin PBXProject section */
		ACB580EF2A68FEBD00C04E9C /* Project object */ = {
			isa = PBXProject;
			attributes = {
				BuildIndependentTargetsInParallel = 1;
				LastSwiftUpdateCheck = 1430;
				LastUpgradeCheck = 1430;
				TargetAttributes = {
					ACB580F62A68FEBD00C04E9C = {
						CreatedOnToolsVersion = 14.3.1;
					};
				};
			};
			buildConfigurationList = ACB580F22A68FEBD00C04E9C /* Build configuration list for PBXProject "LV4" */;
			compatibilityVersion = "Xcode 14.0";
			developmentRegion = en;
			hasScannedForEncodings = 0;
			knownRegions = (
				en,
				Base,
			);
			mainGroup = ACB580EE2A68FEBD00C04E9C;
			productRefGroup = ACB580F82A68FEBD00C04E9C /* Products */;
			projectDirPath = "";
			projectRoot = "";
			targets = (
				ACB580F62A68FEBD00C04E9C /* LV4 */,
			);
		};
/* End PBXProject section */

/* Begin PBXSourcesBuildPhase section */
		ACB580F32A68FEBD00C04E9C /* Sources */ = {
			isa = PBXSourcesBuildPhase;
			buildActionMask = 2147483647;
			files = (
				ACB580FB2A68FEBD00C04E9C /* main.swift in Sources */,
				ACB581042A68FEE800C04E9C /* AbstractOperation.swift in Sources */,
				ACB581022A68FEDD00C04E9C /* Calculator.swift in Sources */,
				ACB5810C2A68FF1100C04E9C /* DivideOperation.swift in Sources */,
				ACB5810A2A68FF0900C04E9C /* MultiplyOperation.swift in Sources */,
				ACB581082A68FEFE00C04E9C /* SubtractOperation.swift in Sources */,
				ACB581062A68FEF200C04E9C /* AddOperation.swift in Sources */,
			);
			runOnlyForDeploymentPostprocessing = 0;
		};
/* End PBXSourcesBuildPhase section */

/* Begin XCBuildConfiguration section */
		ACB580FC2A68FEBD00C04E9C /* Debug */ = {
			isa = XCBuildConfiguration;
			buildSettings = {
				ALWAYS_SEARCH_USER_PATHS = NO;
				CLANG_ANALYZER_NONNULL = YES;
				CLANG_ANALYZER_NUMBER_OBJECT_CONVERSION = YES_AGGRESSIVE;
				CLANG_CXX_LANGUAGE_STANDARD = "gnu++20";
				CLANG_ENABLE_MODULES = YES;
				CLANG_ENABLE_OBJC_ARC = YES;
				CLANG_ENABLE_OBJC_WEAK = YES;
				CLANG_WARN_BLOCK_CAPTURE_AUTORELEASING = YES;
				CLANG_WARN_BOOL_CONVERSION = YES;
				CLANG_WARN_COMMA = YES;
				CLANG_WARN_CONSTANT_CONVERSION = YES;
				CLANG_WARN_DEPRECATED_OBJC_IMPLEMENTATIONS = YES;
				CLANG_WARN_DIRECT_OBJC_ISA_USAGE = YES_ERROR;
				CLANG_WARN_DOCUMENTATION_COMMENTS = YES;
				CLANG_WARN_EMPTY_BODY = YES;
				CLANG_WARN_ENUM_CONVERSION = YES;
				CLANG_WARN_INFINITE_RECURSION = YES;
				CLANG_WARN_INT_CONVERSION = YES;
				CLANG_WARN_NON_LITERAL_NULL_CONVERSION = YES;
				CLANG_WARN_OBJC_IMPLICIT_RETAIN_SELF = YES;
				CLANG_WARN_OBJC_LITERAL_CONVERSION = YES;
				CLANG_WARN_OBJC_ROOT_CLASS = YES_ERROR;
				CLANG_WARN_QUOTED_INCLUDE_IN_FRAMEWORK_HEADER = YES;
				CLANG_WARN_RANGE_LOOP_ANALYSIS = YES;
				CLANG_WARN_STRICT_PROTOTYPES = YES;
				CLANG_WARN_SUSPICIOUS_MOVE = YES;
				CLANG_WARN_UNGUARDED_AVAILABILITY = YES_AGGRESSIVE;
				CLANG_WARN_UNREACHABLE_CODE = YES;
				CLANG_WARN__DUPLICATE_METHOD_MATCH = YES;
				COPY_PHASE_STRIP = NO;
				DEBUG_INFORMATION_FORMAT = dwarf;
				ENABLE_STRICT_OBJC_MSGSEND = YES;
				ENABLE_TESTABILITY = YES;
				GCC_C_LANGUAGE_STANDARD = gnu11;
				GCC_DYNAMIC_NO_PIC = NO;
				GCC_NO_COMMON_BLOCKS = YES;
				GCC_OPTIMIZATION_LEVEL = 0;
				GCC_PREPROCESSOR_DEFINITIONS = (
					"DEBUG=1",
					"$(inherited)",
				);
				GCC_WARN_64_TO_32_BIT_CONVERSION = YES;
				GCC_WARN_ABOUT_RETURN_TYPE = YES_ERROR;
				GCC_WARN_UNDECLARED_SELECTOR = YES;
				GCC_WARN_UNINITIALIZED_AUTOS = YES_AGGRESSIVE;
				GCC_WARN_UNUSED_FUNCTION = YES;
				GCC_WARN_UNUSED_VARIABLE = YES;
				MACOSX_DEPLOYMENT_TARGET = 13.3;
				MTL_ENABLE_DEBUG_INFO = INCLUDE_SOURCE;
				MTL_FAST_MATH = YES;
				ONLY_ACTIVE_ARCH = YES;
				SDKROOT = macosx;
				SWIFT_ACTIVE_COMPILATION_CONDITIONS = DEBUG;
				SWIFT_OPTIMIZATION_LEVEL = "-Onone";
			};
			name = Debug;
		};
		ACB580FD2A68FEBD00C04E9C /* Release */ = {
			isa = XCBuildConfiguration;
			buildSettings = {
				ALWAYS_SEARCH_USER_PATHS = NO;
				CLANG_ANALYZER_NONNULL = YES;
				CLANG_ANALYZER_NUMBER_OBJECT_CONVERSION = YES_AGGRESSIVE;
				CLANG_CXX_LANGUAGE_STANDARD = "gnu++20";
				CLANG_ENABLE_MODULES = YES;
				CLANG_ENABLE_OBJC_ARC = YES;
				CLANG_ENABLE_OBJC_WEAK = YES;
				CLANG_WARN_BLOCK_CAPTURE_AUTORELEASING = YES;
				CLANG_WARN_BOOL_CONVERSION = YES;
				CLANG_WARN_COMMA = YES;
				CLANG_WARN_CONSTANT_CONVERSION = YES;
				CLANG_WARN_DEPRECATED_OBJC_IMPLEMENTATIONS = YES;
				CLANG_WARN_DIRECT_OBJC_ISA_USAGE = YES_ERROR;
				CLANG_WARN_DOCUMENTATION_COMMENTS = YES;
				CLANG_WARN_EMPTY_BODY = YES;
				CLANG_WARN_ENUM_CONVERSION = YES;
				CLANG_WARN_INFINITE_RECURSION = YES;
				CLANG_WARN_INT_CONVERSION = YES;
				CLANG_WARN_NON_LITERAL_NULL_CONVERSION = YES;
				CLANG_WARN_OBJC_IMPLICIT_RETAIN_SELF = YES;
				CLANG_WARN_OBJC_LITERAL_CONVERSION = YES;
				CLANG_WARN_OBJC_ROOT_CLASS = YES_ERROR;
				CLANG_WARN_QUOTED_INCLUDE_IN_FRAMEWORK_HEADER = YES;
				CLANG_WARN_RANGE_LOOP_ANALYSIS = YES;
				CLANG_WARN_STRICT_PROTOTYPES = YES;
				CLANG_WARN_SUSPICIOUS_MOVE = YES;
				CLANG_WARN_UNGUARDED_AVAILABILITY = YES_AGGRESSIVE;
				CLANG_WARN_UNREACHABLE_CODE = YES;
				CLANG_WARN__DUPLICATE_METHOD_MATCH = YES;
				COPY_PHASE_STRIP = NO;
				DEBUG_INFORMATION_FORMAT = "dwarf-with-dsym";
				ENABLE_NS_ASSERTIONS = NO;
				ENABLE_STRICT_OBJC_MSGSEND = YES;
				GCC_C_LANGUAGE_STANDARD = gnu11;
				GCC_NO_COMMON_BLOCKS = YES;
				GCC_WARN_64_TO_32_BIT_CONVERSION = YES;
				GCC_WARN_ABOUT_RETURN_TYPE = YES_ERROR;
				GCC_WARN_UNDECLARED_SELECTOR = YES;
				GCC_WARN_UNINITIALIZED_AUTOS = YES_AGGRESSIVE;
				GCC_WARN_UNUSED_FUNCTION = YES;
				GCC_WARN_UNUSED_VARIABLE = YES;
				MACOSX_DEPLOYMENT_TARGET = 13.3;
				MTL_ENABLE_DEBUG_INFO = NO;
				MTL_FAST_MATH = YES;
				SDKROOT = macosx;
				SWIFT_COMPILATION_MODE = wholemodule;
				SWIFT_OPTIMIZATION_LEVEL = "-O";
			};
			name = Release;
		};
		ACB580FF2A68FEBD00C04E9C /* Debug */ = {
			isa = XCBuildConfiguration;
			buildSettings = {
				CODE_SIGN_STYLE = Automatic;
				PRODUCT_NAME = "$(TARGET_NAME)";
				SWIFT_VERSION = 5.0;
			};
			name = Debug;
		};
		ACB581002A68FEBD00C04E9C /* Release */ = {
			isa = XCBuildConfiguration;
			buildSettings = {
				CODE_SIGN_STYLE = Automatic;
				PRODUCT_NAME = "$(TARGET_NAME)";
				SWIFT_VERSION = 5.0;
			};
			name = Release;
		};
/* End XCBuildConfiguration section */

/* Begin XCConfigurationList section */
		ACB580F22A68FEBD00C04E9C /* Build configuration list for PBXProject "LV4" */ = {
			isa = XCConfigurationList;
			buildConfigurations = (
				ACB580FC2A68FEBD00C04E9C /* Debug */,
				ACB580FD2A68FEBD00C04E9C /* Release */,
			);
			defaultConfigurationIsVisible = 0;
			defaultConfigurationName = Release;
		};
		ACB580FE2A68FEBD00C04E9C /* Build configuration list for PBXNativeTarget "LV4" */ = {
			isa = XCConfigurationList;
			buildConfigurations = (
				ACB580FF2A68FEBD00C04E9C /* Debug */,
				ACB581002A68FEBD00C04E9C /* Release */,
			);
			defaultConfigurationIsVisible = 0;
			defaultConfigurationName = Release;
		};
/* End XCConfigurationList section */
	};
	rootObject = ACB580EF2A68FEBD00C04E9C /* Project object */;
}
